
Microsoft Visual Studio Solution File, Format Version 12.00
# Visual Studio Version 17
VisualStudioVersion = 17.5.002.0
MinimumVisualStudioVersion = 10.0.40219.1
Project("{9A19103F-16F7-4668-BE54-9A1E7A4F7556}") = "chamados", "chamados.csproj", "{1E9A5250-1FE3-4869-8663-F0894259ECFF}"
EndProject
Global
	GlobalSection(SolutionConfigurationPlatforms) = preSolution
		Debug|Any CPU = Debug|Any CPU
		Release|Any CPU = Release|Any CPU
	EndGlobalSection
	GlobalSection(ProjectConfigurationPlatforms) = postSolution
		{1E9A5250-1FE3-4869-8663-F0894259ECFF}.Debug|Any CPU.ActiveCfg = Debug|Any CPU
		{1E9A5250-1FE3-4869-8663-F0894259ECFF}.Debug|Any CPU.Build.0 = Debug|Any CPU
		{1E9A5250-1FE3-4869-8663-F0894259ECFF}.Release|Any CPU.ActiveCfg = Release|Any CPU
		{1E9A5250-1FE3-4869-8663-F0894259ECFF}.Release|Any CPU.Build.0 = Release|Any CPU
	EndGlobalSection
	GlobalSection(SolutionProperties) = preSolution
		HideSolutionNode = FALSE
	EndGlobalSection
	GlobalSection(ExtensibilityGlobals) = postSolution
		SolutionGuid = {34AD57E1-EC10-4BF1-B06C-831A74730013}
	EndGlobalSection
EndGlobal
