
Microsoft Visual Studio Solution File, Format Version 12.00
# Visual Studio Version 17
VisualStudioVersion = 17.5.002.0
MinimumVisualStudioVersion = 10.0.40219.1
Project("{9A19103F-16F7-4668-BE54-9A1E7A4F7556}") = "TjurisNew", "TjurisNew\TjurisNew.csproj", "{E955B097-F39D-48ED-A62E-4B536BC809BD}"
EndProject
Global
	GlobalSection(SolutionConfigurationPlatforms) = preSolution
		Debug|Any CPU = Debug|Any CPU
		Release|Any CPU = Release|Any CPU
	EndGlobalSection
	GlobalSection(ProjectConfigurationPlatforms) = postSolution
		{E955B097-F39D-48ED-A62E-4B536BC809BD}.Debug|Any CPU.ActiveCfg = Debug|Any CPU
		{E955B097-F39D-48ED-A62E-4B536BC809BD}.Debug|Any CPU.Build.0 = Debug|Any CPU
		{E955B097-F39D-48ED-A62E-4B536BC809BD}.Release|Any CPU.ActiveCfg = Release|Any CPU
		{E955B097-F39D-48ED-A62E-4B536BC809BD}.Release|Any CPU.Build.0 = Release|Any CPU
	EndGlobalSection
	GlobalSection(SolutionProperties) = preSolution
		HideSolutionNode = FALSE
	EndGlobalSection
	GlobalSection(ExtensibilityGlobals) = postSolution
		SolutionGuid = {C5D5BA08-7BBD-4F0D-9AF2-DC4EA1B8A1ED}
	EndGlobalSection
EndGlobal
